{
  "pins" : [
    {
      "identity" : "kvkit.swift",
      "kind" : "remoteSourceControl",
      "location" : "https://github.com/keyvariable/kvKit.swift.git",
      "state" : {
        "revision" : "8eddaabe6bfec540175160c3156cb2d934b9586a",
        "version" : "4.8.0"
      }
    },
    {
      "identity" : "kvserverkit.swift",
      "kind" : "remoteSourceControl",
      "location" : "https://github.com/keyvariable/kvServerKit.swift.git",
      "state" : {
        "revision" : "70efd95018390a959c9246102ed76232f5220021",
        "version" : "0.12.0"
      }
    },
    {
      "identity" : "kvsimd.swift",
      "kind" : "remoteSourceControl",
      "location" : "https://github.com/keyvariable/kvSIMD.swift.git",
      "state" : {
        "revision" : "4fe01887d947e65fa97ed473b4d5c370045f68af",
        "version" : "1.0.2"
      }
    },
    {
      "identity" : "swift-atomics",
      "kind" : "remoteSourceControl",
      "location" : "https://github.com/apple/swift-atomics.git",
      "state" : {
        "revision" : "cd142fd2f64be2100422d658e7411e39489da985",
        "version" : "1.2.0"
      }
    },
    {
      "identity" : "swift-collections",
      "kind" : "remoteSourceControl",
      "location" : "https://github.com/apple/swift-collections.git",
      "state" : {
        "revision" : "a902f1823a7ff3c9ab2fba0f992396b948eda307",
        "version" : "1.0.5"
      }
    },
    {
      "identity" : "swift-crypto",
      "kind" : "remoteSourceControl",
      "location" : "https://github.com/apple/swift-crypto.git",
      "state" : {
        "revision" : "b51f1d6845b353a2121de1c6a670738ec33561a6",
        "version" : "3.1.0"
      }
    },
    {
      "identity" : "swift-nio",
      "kind" : "remoteSourceControl",
      "location" : "https://github.com/apple/swift-nio.git",
      "state" : {
        "revision" : "9497e442486aab515c8486ef8153a506f93a5032",
        "version" : "2.61.0"
      }
    },
    {
      "identity" : "swift-nio-http2",
      "kind" : "remoteSourceControl",
      "location" : "https://github.com/apple/swift-nio-http2.git",
      "state" : {
        "revision" : "3bd9004b9d685ed6b629760fc84903e48efec806",
        "version" : "1.29.0"
      }
    },
    {
      "identity" : "swift-nio-ssl",
      "kind" : "remoteSourceControl",
      "location" : "https://github.com/apple/swift-nio-ssl.git",
      "state" : {
        "revision" : "320bd978cceb8e88c125dcbb774943a92f6286e9",
        "version" : "2.25.0"
      }
    }
  ],
  "version" : 2
}
